
Microsoft Visual Studio Solution File, Format Version 12.00
# Visual Studio Version 17
VisualStudioVersion = 17.0.32112.339
MinimumVisualStudioVersion = 10.0.40219.1
Project("{8BC9CEB8-8B4A-11D0-8D11-00A0C91BC942}") = "Tarea2_LatinSquare", "Tarea2_LatinSquare\Tarea2_LatinSquare.vcxproj", "{D70BB580-CBF1-49D1-A76D-506EF91EB7C5}"
EndProject
Global
	GlobalSection(SolutionConfigurationPlatforms) = preSolution
		Debug|x64 = Debug|x64
		Debug|x86 = Debug|x86
		Release|x64 = Release|x64
		Release|x86 = Release|x86
	EndGlobalSection
	GlobalSection(ProjectConfigurationPlatforms) = postSolution
		{D70BB580-CBF1-49D1-A76D-506EF91EB7C5}.Debug|x64.ActiveCfg = Debug|x64
		{D70BB580-CBF1-49D1-A76D-506EF91EB7C5}.Debug|x64.Build.0 = Debug|x64
		{D70BB580-CBF1-49D1-A76D-506EF91EB7C5}.Debug|x86.ActiveCfg = Debug|Win32
		{D70BB580-CBF1-49D1-A76D-506EF91EB7C5}.Debug|x86.Build.0 = Debug|Win32
		{D70BB580-CBF1-49D1-A76D-506EF91EB7C5}.Release|x64.ActiveCfg = Release|x64
		{D70BB580-CBF1-49D1-A76D-506EF91EB7C5}.Release|x64.Build.0 = Release|x64
		{D70BB580-CBF1-49D1-A76D-506EF91EB7C5}.Release|x86.ActiveCfg = Release|Win32
		{D70BB580-CBF1-49D1-A76D-506EF91EB7C5}.Release|x86.Build.0 = Release|Win32
	EndGlobalSection
	GlobalSection(SolutionProperties) = preSolution
		HideSolutionNode = FALSE
	EndGlobalSection
	GlobalSection(ExtensibilityGlobals) = postSolution
		SolutionGuid = {D48EF0D6-9DEC-490B-9596-4C68EDC4AE9C}
	EndGlobalSection
EndGlobal
