
Microsoft Visual Studio Solution File, Format Version 12.00
# Visual Studio Version 16
VisualStudioVersion = 16.0.31727.386
MinimumVisualStudioVersion = 10.0.40219.1
Project("{8BC9CEB8-8B4A-11D0-8D11-00A0C91BC942}") = "Tarea11_listaSimple", "Tarea11_listaSimple.vcxproj", "{E4877F13-0583-4A3B-A9D8-9EF3AE6F113A}"
EndProject
Global
	GlobalSection(SolutionConfigurationPlatforms) = preSolution
		Debug|x64 = Debug|x64
		Debug|x86 = Debug|x86
		Release|x64 = Release|x64
		Release|x86 = Release|x86
	EndGlobalSection
	GlobalSection(ProjectConfigurationPlatforms) = postSolution
		{E4877F13-0583-4A3B-A9D8-9EF3AE6F113A}.Debug|x64.ActiveCfg = Debug|x64
		{E4877F13-0583-4A3B-A9D8-9EF3AE6F113A}.Debug|x64.Build.0 = Debug|x64
		{E4877F13-0583-4A3B-A9D8-9EF3AE6F113A}.Debug|x86.ActiveCfg = Debug|Win32
		{E4877F13-0583-4A3B-A9D8-9EF3AE6F113A}.Debug|x86.Build.0 = Debug|Win32
		{E4877F13-0583-4A3B-A9D8-9EF3AE6F113A}.Release|x64.ActiveCfg = Release|x64
		{E4877F13-0583-4A3B-A9D8-9EF3AE6F113A}.Release|x64.Build.0 = Release|x64
		{E4877F13-0583-4A3B-A9D8-9EF3AE6F113A}.Release|x86.ActiveCfg = Release|Win32
		{E4877F13-0583-4A3B-A9D8-9EF3AE6F113A}.Release|x86.Build.0 = Release|Win32
	EndGlobalSection
	GlobalSection(SolutionProperties) = preSolution
		HideSolutionNode = FALSE
	EndGlobalSection
	GlobalSection(ExtensibilityGlobals) = postSolution
		SolutionGuid = {3585B67B-60D2-45A4-B452-947932814C66}
	EndGlobalSection
EndGlobal
